// !$*UTF8*$!
{
	archiveVersion = 1;
	classes = {
	};
	objectVersion = 50;
	objects = {

/* Begin PBXBuildFile section */
		AAA7BB3E24BD9B9400A58685 /* AppDelegate.swift in Sources */ = {isa = PBXBuildFile; fileRef = AAA7BB3D24BD9B9400A58685 /* AppDelegate.swift */; };
		AAA7BB4024BD9B9400A58685 /* ViewController.swift in Sources */ = {isa = PBXBuildFile; fileRef = AAA7BB3F24BD9B9400A58685 /* ViewController.swift */; };
		AAA7BB4224BD9BA100A58685 /* Assets.xcassets in Resources */ = {isa = PBXBuildFile; fileRef = AAA7BB4124BD9BA100A58685 /* Assets.xcassets */; };
		AAA7BB4524BD9BA100A58685 /* Main.storyboard in Resources */ = {isa = PBXBuildFile; fileRef = AAA7BB4324BD9BA100A58685 /* Main.storyboard */; };
		AAA7BB5124BD9BA100A58685 /* SqliteDemoTests.swift in Sources */ = {isa = PBXBuildFile; fileRef = AAA7BB5024BD9BA100A58685 /* SqliteDemoTests.swift */; };
		AAA7BB5C24BD9BA100A58685 /* SqliteDemoUITests.swift in Sources */ = {isa = PBXBuildFile; fileRef = AAA7BB5B24BD9BA100A58685 /* SqliteDemoUITests.swift */; };
/* End PBXBuildFile section */

/* Begin PBXContainerItemProxy section */
		AAA7BB4D24BD9BA100A58685 /* PBXContainerItemProxy */ = {
			isa = PBXContainerItemProxy;
			containerPortal = AAA7BB3224BD9B9400A58685 /* Project object */;
			proxyType = 1;
			remoteGlobalIDString = AAA7BB3924BD9B9400A58685;
			remoteInfo = SqliteDemo;
		};
		AAA7BB5824BD9BA100A58685 /* PBXContainerItemProxy */ = {
			isa = PBXContainerItemProxy;
			containerPortal = AAA7BB3224BD9B9400A58685 /* Project object */;
			proxyType = 1;
			remoteGlobalIDString = AAA7BB3924BD9B9400A58685;
			remoteInfo = SqliteDemo;
		};
/* End PBXContainerItemProxy section */

/* Begin PBXFileReference section */
		AAA7BB3A24BD9B9400A58685 /* SqliteDemo.app */ = {isa = PBXFileReference; explicitFileType = wrapper.application; includeInIndex = 0; path = SqliteDemo.app; sourceTree = BUILT_PRODUCTS_DIR; };
		AAA7BB3D24BD9B9400A58685 /* AppDelegate.swift */ = {isa = PBXFileReference; lastKnownFileType = sourcecode.swift; path = AppDelegate.swift; sourceTree = "<group>"; };
		AAA7BB3F24BD9B9400A58685 /* ViewController.swift */ = {isa = PBXFileReference; lastKnownFileType = sourcecode.swift; path = ViewController.swift; sourceTree = "<group>"; };
		AAA7BB4124BD9BA100A58685 /* Assets.xcassets */ = {isa = PBXFileReference; lastKnownFileType = folder.assetcatalog; path = Assets.xcassets; sourceTree = "<group>"; };
		AAA7BB4424BD9BA100A58685 /* Base */ = {isa = PBXFileReference; lastKnownFileType = file.storyboard; name = Base; path = Base.lproj/Main.storyboard; sourceTree = "<group>"; };
		AAA7BB4624BD9BA100A58685 /* Info.plist */ = {isa = PBXFileReference; lastKnownFileType = text.plist.xml; path = Info.plist; sourceTree = "<group>"; };
		AAA7BB4724BD9BA100A58685 /* SqliteDemo.entitlements */ = {isa = PBXFileReference; lastKnownFileType = text.plist.entitlements; path = SqliteDemo.entitlements; sourceTree = "<group>"; };
		AAA7BB4C24BD9BA100A58685 /* SqliteDemoTests.xctest */ = {isa = PBXFileReference; explicitFileType = wrapper.cfbundle; includeInIndex = 0; path = SqliteDemoTests.xctest; sourceTree = BUILT_PRODUCTS_DIR; };
		AAA7BB5024BD9BA100A58685 /* SqliteDemoTests.swift */ = {isa = PBXFileReference; lastKnownFileType = sourcecode.swift; path = SqliteDemoTests.swift; sourceTree = "<group>"; };
		AAA7BB5224BD9BA100A58685 /* Info.plist */ = {isa = PBXFileReference; lastKnownFileType = text.plist.xml; path = Info.plist; sourceTree = "<group>"; };
		AAA7BB5724BD9BA100A58685 /* SqliteDemoUITests.xctest */ = {isa = PBXFileReference; explicitFileType = wrapper.cfbundle; includeInIndex = 0; path = SqliteDemoUITests.xctest; sourceTree = BUILT_PRODUCTS_DIR; };
		AAA7BB5B24BD9BA100A58685 /* SqliteDemoUITests.swift */ = {isa = PBXFileReference; lastKnownFileType = sourcecode.swift; path = SqliteDemoUITests.swift; sourceTree = "<group>"; };
		AAA7BB5D24BD9BA100A58685 /* Info.plist */ = {isa = PBXFileReference; lastKnownFileType = text.plist.xml; path = Info.plist; sourceTree = "<group>"; };
/* End PBXFileReference section */

/* Begin PBXFrameworksBuildPhase section */
		AAA7BB3724BD9B9400A58685 /* Frameworks */ = {
			isa = PBXFrameworksBuildPhase;
			buildActionMask = 2147483647;
			files = (
			);
			runOnlyForDeploymentPostprocessing = 0;
		};
		AAA7BB4924BD9BA100A58685 /* Frameworks */ = {
			isa = PBXFrameworksBuildPhase;
			buildActionMask = 2147483647;
			files = (
			);
			runOnlyForDeploymentPostprocessing = 0;
		};
		AAA7BB5424BD9BA100A58685 /* Frameworks */ = {
			isa = PBXFrameworksBuildPhase;
			buildActionMask = 2147483647;
			files = (
			);
			runOnlyForDeploymentPostprocessing = 0;
		};
/* End PBXFrameworksBuildPhase section */

/* Begin PBXGroup section */
		AAA7BB3124BD9B9400A58685 = {
			isa = PBXGroup;
			children = (
				AAA7BB3C24BD9B9400A58685 /* SqliteDemo */,
				AAA7BB4F24BD9BA100A58685 /* SqliteDemoTests */,
				AAA7BB5A24BD9BA100A58685 /* SqliteDemoUITests */,
				AAA7BB3B24BD9B9400A58685 /* Products */,
			);
			sourceTree = "<group>";
		};
		AAA7BB3B24BD9B9400A58685 /* Products */ = {
			isa = PBXGroup;
			children = (
				AAA7BB3A24BD9B9400A58685 /* SqliteDemo.app */,
				AAA7BB4C24BD9BA100A58685 /* SqliteDemoTests.xctest */,
				AAA7BB5724BD9BA100A58685 /* SqliteDemoUITests.xctest */,
			);
			name = Products;
			sourceTree = "<group>";
		};
		AAA7BB3C24BD9B9400A58685 /* SqliteDemo */ = {
			isa = PBXGroup;
			children = (
				AAA7BB3D24BD9B9400A58685 /* AppDelegate.swift */,
				AAA7BB3F24BD9B9400A58685 /* ViewController.swift */,
				AAA7BB4124BD9BA100A58685 /* Assets.xcassets */,
				AAA7BB4324BD9BA100A58685 /* Main.storyboard */,
				AAA7BB4624BD9BA100A58685 /* Info.plist */,
				AAA7BB4724BD9BA100A58685 /* SqliteDemo.entitlements */,
			);
			path = SqliteDemo;
			sourceTree = "<group>";
		};
		AAA7BB4F24BD9BA100A58685 /* SqliteDemoTests */ = {
			isa = PBXGroup;
			children = (
				AAA7BB5024BD9BA100A58685 /* SqliteDemoTests.swift */,
				AAA7BB5224BD9BA100A58685 /* Info.plist */,
			);
			path = SqliteDemoTests;
			sourceTree = "<group>";
		};
		AAA7BB5A24BD9BA100A58685 /* SqliteDemoUITests */ = {
			isa = PBXGroup;
			children = (
				AAA7BB5B24BD9BA100A58685 /* SqliteDemoUITests.swift */,
				AAA7BB5D24BD9BA100A58685 /* Info.plist */,
			);
			path = SqliteDemoUITests;
			sourceTree = "<group>";
		};
/* End PBXGroup section */

/* Begin PBXNativeTarget section */
		AAA7BB3924BD9B9400A58685 /* SqliteDemo */ = {
			isa = PBXNativeTarget;
			buildConfigurationList = AAA7BB6024BD9BA100A58685 /* Build configuration list for PBXNativeTarget "SqliteDemo" */;
			buildPhases = (
				AAA7BB3624BD9B9400A58685 /* Sources */,
				AAA7BB3724BD9B9400A58685 /* Frameworks */,
				AAA7BB3824BD9B9400A58685 /* Resources */,
			);
			buildRules = (
			);
			dependencies = (
			);
			name = SqliteDemo;
			productName = SqliteDemo;
			productReference = AAA7BB3A24BD9B9400A58685 /* SqliteDemo.app */;
			productType = "com.apple.product-type.application";
		};
		AAA7BB4B24BD9BA100A58685 /* SqliteDemoTests */ = {
			isa = PBXNativeTarget;
			buildConfigurationList = AAA7BB6324BD9BA100A58685 /* Build configuration list for PBXNativeTarget "SqliteDemoTests" */;
			buildPhases = (
				AAA7BB4824BD9BA100A58685 /* Sources */,
				AAA7BB4924BD9BA100A58685 /* Frameworks */,
				AAA7BB4A24BD9BA100A58685 /* Resources */,
			);
			buildRules = (
			);
			dependencies = (
				AAA7BB4E24BD9BA100A58685 /* PBXTargetDependency */,
			);
			name = SqliteDemoTests;
			productName = SqliteDemoTests;
			productReference = AAA7BB4C24BD9BA100A58685 /* SqliteDemoTests.xctest */;
			productType = "com.apple.product-type.bundle.unit-test";
		};
		AAA7BB5624BD9BA100A58685 /* SqliteDemoUITests */ = {
			isa = PBXNativeTarget;
			buildConfigurationList = AAA7BB6624BD9BA100A58685 /* Build configuration list for PBXNativeTarget "SqliteDemoUITests" */;
			buildPhases = (
				AAA7BB5324BD9BA100A58685 /* Sources */,
				AAA7BB5424BD9BA100A58685 /* Frameworks */,
				AAA7BB5524BD9BA100A58685 /* Resources */,
			);
			buildRules = (
			);
			dependencies = (
				AAA7BB5924BD9BA100A58685 /* PBXTargetDependency */,
			);
			name = SqliteDemoUITests;
			productName = SqliteDemoUITests;
			productReference = AAA7BB5724BD9BA100A58685 /* SqliteDemoUITests.xctest */;
			productType = "com.apple.product-type.bundle.ui-testing";
		};
/* End PBXNativeTarget section */

/* Begin PBXProject section */
		AAA7BB3224BD9B9400A58685 /* Project object */ = {
			isa = PBXProject;
			attributes = {
				LastSwiftUpdateCheck = 1120;
				LastUpgradeCheck = 1120;
				ORGANIZATIONNAME = Christian;
				TargetAttributes = {
					AAA7BB3924BD9B9400A58685 = {
						CreatedOnToolsVersion = 11.2.1;
					};
					AAA7BB4B24BD9BA100A58685 = {
						CreatedOnToolsVersion = 11.2.1;
						TestTargetID = AAA7BB3924BD9B9400A58685;
					};
					AAA7BB5624BD9BA100A58685 = {
						CreatedOnToolsVersion = 11.2.1;
						TestTargetID = AAA7BB3924BD9B9400A58685;
					};
				};
			};
			buildConfigurationList = AAA7BB3524BD9B9400A58685 /* Build configuration list for PBXProject "SqliteDemo" */;
			compatibilityVersion = "Xcode 9.3";
			developmentRegion = en;
			hasScannedForEncodings = 0;
			knownRegions = (
				en,
				Base,
			);
			mainGroup = AAA7BB3124BD9B9400A58685;
			productRefGroup = AAA7BB3B24BD9B9400A58685 /* Products */;
			projectDirPath = "";
			projectRoot = "";
			targets = (
				AAA7BB3924BD9B9400A58685 /* SqliteDemo */,
				AAA7BB4B24BD9BA100A58685 /* SqliteDemoTests */,
				AAA7BB5624BD9BA100A58685 /* SqliteDemoUITests */,
			);
		};
/* End PBXProject section */

/* Begin PBXResourcesBuildPhase section */
		AAA7BB3824BD9B9400A58685 /* Resources */ = {
			isa = PBXResourcesBuildPhase;
			buildActionMask = 2147483647;
			files = (
				AAA7BB4224BD9BA100A58685 /* Assets.xcassets in Resources */,
				AAA7BB4524BD9BA100A58685 /* Main.storyboard in Resources */,
			);
			runOnlyForDeploymentPostprocessing = 0;
		};
		AAA7BB4A24BD9BA100A58685 /* Resources */ = {
			isa = PBXResourcesBuildPhase;
			buildActionMask = 2147483647;
			files = (
			);
			runOnlyForDeploymentPostprocessing = 0;
		};
		AAA7BB5524BD9BA100A58685 /* Resources */ = {
			isa = PBXResourcesBuildPhase;
			buildActionMask = 2147483647;
			files = (
			);
			runOnlyForDeploymentPostprocessing = 0;
		};
/* End PBXResourcesBuildPhase section */

/* Begin PBXSourcesBuildPhase section */
		AAA7BB3624BD9B9400A58685 /* Sources */ = {
			isa = PBXSourcesBuildPhase;
			buildActionMask = 2147483647;
			files = (
				AAA7BB4024BD9B9400A58685 /* ViewController.swift in Sources */,
				AAA7BB3E24BD9B9400A58685 /* AppDelegate.swift in Sources */,
			);
			runOnlyForDeploymentPostprocessing = 0;
		};
		AAA7BB4824BD9BA100A58685 /* Sources */ = {
			isa = PBXSourcesBuildPhase;
			buildActionMask = 2147483647;
			files = (
				AAA7BB5124BD9BA100A58685 /* SqliteDemoTests.swift in Sources */,
			);
			runOnlyForDeploymentPostprocessing = 0;
		};
		AAA7BB5324BD9BA100A58685 /* Sources */ = {
			isa = PBXSourcesBuildPhase;
			buildActionMask = 2147483647;
			files = (
				AAA7BB5C24BD9BA100A58685 /* SqliteDemoUITests.swift in Sources */,
			);
			runOnlyForDeploymentPostprocessing = 0;
		};
/* End PBXSourcesBuildPhase section */

/* Begin PBXTargetDependency section */
		AAA7BB4E24BD9BA100A58685 /* PBXTargetDependency */ = {
			isa = PBXTargetDependency;
			target = AAA7BB3924BD9B9400A58685 /* SqliteDemo */;
			targetProxy = AAA7BB4D24BD9BA100A58685 /* PBXContainerItemProxy */;
		};
		AAA7BB5924BD9BA100A58685 /* PBXTargetDependency */ = {
			isa = PBXTargetDependency;
			target = AAA7BB3924BD9B9400A58685 /* SqliteDemo */;
			targetProxy = AAA7BB5824BD9BA100A58685 /* PBXContainerItemProxy */;
		};
/* End PBXTargetDependency section */

/* Begin PBXVariantGroup section */
		AAA7BB4324BD9BA100A58685 /* Main.storyboard */ = {
			isa = PBXVariantGroup;
			children = (
				AAA7BB4424BD9BA100A58685 /* Base */,
			);
			name = Main.storyboard;
			sourceTree = "<group>";
		};
/* End PBXVariantGroup section */

/* Begin XCBuildConfiguration section */
		AAA7BB5E24BD9BA100A58685 /* Debug */ = {
			isa = XCBuildConfiguration;
			buildSettings = {
				ALWAYS_SEARCH_USER_PATHS = NO;
				CLANG_ANALYZER_NONNULL = YES;
				CLANG_ANALYZER_NUMBER_OBJECT_CONVERSION = YES_AGGRESSIVE;
				CLANG_CXX_LANGUAGE_STANDARD = "gnu++14";
				CLANG_CXX_LIBRARY = "libc++";
				CLANG_ENABLE_MODULES = YES;
				CLANG_ENABLE_OBJC_ARC = YES;
				CLANG_ENABLE_OBJC_WEAK = YES;
				CLANG_WARN_BLOCK_CAPTURE_AUTORELEASING = YES;
				CLANG_WARN_BOOL_CONVERSION = YES;
				CLANG_WARN_COMMA = YES;
				CLANG_WARN_CONSTANT_CONVERSION = YES;
				CLANG_WARN_DEPRECATED_OBJC_IMPLEMENTATIONS = YES;
				CLANG_WARN_DIRECT_OBJC_ISA_USAGE = YES_ERROR;
				CLANG_WARN_DOCUMENTATION_COMMENTS = YES;
				CLANG_WARN_EMPTY_BODY = YES;
				CLANG_WARN_ENUM_CONVERSION = YES;
				CLANG_WARN_INFINITE_RECURSION = YES;
				CLANG_WARN_INT_CONVERSION = YES;
				CLANG_WARN_NON_LITERAL_NULL_CONVERSION = YES;
				CLANG_WARN_OBJC_IMPLICIT_RETAIN_SELF = YES;
				CLANG_WARN_OBJC_LITERAL_CONVERSION = YES;
				CLANG_WARN_OBJC_ROOT_CLASS = YES_ERROR;
				CLANG_WARN_RANGE_LOOP_ANALYSIS = YES;
				CLANG_WARN_STRICT_PROTOTYPES = YES;
				CLANG_WARN_SUSPICIOUS_MOVE = YES;
				CLANG_WARN_UNGUARDED_AVAILABILITY = YES_AGGRESSIVE;
				CLANG_WARN_UNREACHABLE_CODE = YES;
				CLANG_WARN__DUPLICATE_METHOD_MATCH = YES;
				COPY_PHASE_STRIP = NO;
				DEBUG_INFORMATION_FORMAT = dwarf;
				ENABLE_STRICT_OBJC_MSGSEND = YES;
				ENABLE_TESTABILITY = YES;
				GCC_C_LANGUAGE_STANDARD = gnu11;
				GCC_DYNAMIC_NO_PIC = NO;
				GCC_NO_COMMON_BLOCKS = YES;
				GCC_OPTIMIZATION_LEVEL = 0;
				GCC_PREPROCESSOR_DEFINITIONS = (
					"DEBUG=1",
					"$(inherited)",
				);
				GCC_WARN_64_TO_32_BIT_CONVERSION = YES;
				GCC_WARN_ABOUT_RETURN_TYPE = YES_ERROR;
				GCC_WARN_UNDECLARED_SELECTOR = YES;
				GCC_WARN_UNINITIALIZED_AUTOS = YES_AGGRESSIVE;
				GCC_WARN_UNUSED_FUNCTION = YES;
				GCC_WARN_UNUSED_VARIABLE = YES;
				MACOSX_DEPLOYMENT_TARGET = 10.15;
				MTL_ENABLE_DEBUG_INFO = INCLUDE_SOURCE;
				MTL_FAST_MATH = YES;
				ONLY_ACTIVE_ARCH = YES;
				SDKROOT = macosx;
				SWIFT_ACTIVE_COMPILATION_CONDITIONS = DEBUG;
				SWIFT_OPTIMIZATION_LEVEL = "-Onone";
			};
			name = Debug;
		};
		AAA7BB5F24BD9BA100A58685 /* Release */ = {
			isa = XCBuildConfiguration;
			buildSettings = {
				ALWAYS_SEARCH_USER_PATHS = NO;
				CLANG_ANALYZER_NONNULL = YES;
				CLANG_ANALYZER_NUMBER_OBJECT_CONVERSION = YES_AGGRESSIVE;
				CLANG_CXX_LANGUAGE_STANDARD = "gnu++14";
				CLANG_CXX_LIBRARY = "libc++";
				CLANG_ENABLE_MODULES = YES;
				CLANG_ENABLE_OBJC_ARC = YES;
				CLANG_ENABLE_OBJC_WEAK = YES;
				CLANG_WARN_BLOCK_CAPTURE_AUTORELEASING = YES;
				CLANG_WARN_BOOL_CONVERSION = YES;
				CLANG_WARN_COMMA = YES;
				CLANG_WARN_CONSTANT_CONVERSION = YES;
				CLANG_WARN_DEPRECATED_OBJC_IMPLEMENTATIONS = YES;
				CLANG_WARN_DIRECT_OBJC_ISA_USAGE = YES_ERROR;
				CLANG_WARN_DOCUMENTATION_COMMENTS = YES;
				CLANG_WARN_EMPTY_BODY = YES;
				CLANG_WARN_ENUM_CONVERSION = YES;
				CLANG_WARN_INFINITE_RECURSION = YES;
				CLANG_WARN_INT_CONVERSION = YES;
				CLANG_WARN_NON_LITERAL_NULL_CONVERSION = YES;
				CLANG_WARN_OBJC_IMPLICIT_RETAIN_SELF = YES;
				CLANG_WARN_OBJC_LITERAL_CONVERSION = YES;
				CLANG_WARN_OBJC_ROOT_CLASS = YES_ERROR;
				CLANG_WARN_RANGE_LOOP_ANALYSIS = YES;
				CLANG_WARN_STRICT_PROTOTYPES = YES;
				CLANG_WARN_SUSPICIOUS_MOVE = YES;
				CLANG_WARN_UNGUARDED_AVAILABILITY = YES_AGGRESSIVE;
				CLANG_WARN_UNREACHABLE_CODE = YES;
				CLANG_WARN__DUPLICATE_METHOD_MATCH = YES;
				COPY_PHASE_STRIP = NO;
				DEBUG_INFORMATION_FORMAT = "dwarf-with-dsym";
				ENABLE_NS_ASSERTIONS = NO;
				ENABLE_STRICT_OBJC_MSGSEND = YES;
				GCC_C_LANGUAGE_STANDARD = gnu11;
				GCC_NO_COMMON_BLOCKS = YES;
				GCC_WARN_64_TO_32_BIT_CONVERSION = YES;
				GCC_WARN_ABOUT_RETURN_TYPE = YES_ERROR;
				GCC_WARN_UNDECLARED_SELECTOR = YES;
				GCC_WARN_UNINITIALIZED_AUTOS = YES_AGGRESSIVE;
				GCC_WARN_UNUSED_FUNCTION = YES;
				GCC_WARN_UNUSED_VARIABLE = YES;
				MACOSX_DEPLOYMENT_TARGET = 10.15;
				MTL_ENABLE_DEBUG_INFO = NO;
				MTL_FAST_MATH = YES;
				SDKROOT = macosx;
				SWIFT_COMPILATION_MODE = wholemodule;
				SWIFT_OPTIMIZATION_LEVEL = "-O";
			};
			name = Release;
		};
		AAA7BB6124BD9BA100A58685 /* Debug */ = {
			isa = XCBuildConfiguration;
			buildSettings = {
				ASSETCATALOG_COMPILER_APPICON_NAME = AppIcon;
				CODE_SIGN_ENTITLEMENTS = SqliteDemo/SqliteDemo.entitlements;
				CODE_SIGN_STYLE = Automatic;
				COMBINE_HIDPI_IMAGES = YES;
				INFOPLIST_FILE = SqliteDemo/Info.plist;
				LD_RUNPATH_SEARCH_PATHS = (
					"$(inherited)",
					"@executable_path/../Frameworks",
				);
				PRODUCT_BUNDLE_IDENTIFIER = com.SqliteDemo;
				PRODUCT_NAME = "$(TARGET_NAME)";
				SWIFT_VERSION = 5.0;
			};
			name = Debug;
		};
		AAA7BB6224BD9BA100A58685 /* Release */ = {
			isa = XCBuildConfiguration;
			buildSettings = {
				ASSETCATALOG_COMPILER_APPICON_NAME = AppIcon;
				CODE_SIGN_ENTITLEMENTS = SqliteDemo/SqliteDemo.entitlements;
				CODE_SIGN_STYLE = Automatic;
				COMBINE_HIDPI_IMAGES = YES;
				INFOPLIST_FILE = SqliteDemo/Info.plist;
				LD_RUNPATH_SEARCH_PATHS = (
					"$(inherited)",
					"@executable_path/../Frameworks",
				);
				PRODUCT_BUNDLE_IDENTIFIER = com.SqliteDemo;
				PRODUCT_NAME = "$(TARGET_NAME)";
				SWIFT_VERSION = 5.0;
			};
			name = Release;
		};
		AAA7BB6424BD9BA100A58685 /* Debug */ = {
			isa = XCBuildConfiguration;
			buildSettings = {
				ALWAYS_EMBED_SWIFT_STANDARD_LIBRARIES = YES;
				BUNDLE_LOADER = "$(TEST_HOST)";
				CODE_SIGN_STYLE = Automatic;
				COMBINE_HIDPI_IMAGES = YES;
				INFOPLIST_FILE = SqliteDemoTests/Info.plist;
				LD_RUNPATH_SEARCH_PATHS = (
					"$(inherited)",
					"@executable_path/../Frameworks",
					"@loader_path/../Frameworks",
				);
				MACOSX_DEPLOYMENT_TARGET = 10.15;
				PRODUCT_BUNDLE_IDENTIFIER = com.SqliteDemoTests;
				PRODUCT_NAME = "$(TARGET_NAME)";
				SWIFT_VERSION = 5.0;
				TEST_HOST = "$(BUILT_PRODUCTS_DIR)/SqliteDemo.app/Contents/MacOS/SqliteDemo";
			};
			name = Debug;
		};
		AAA7BB6524BD9BA100A58685 /* Release */ = {
			isa = XCBuildConfiguration;
			buildSettings = {
				ALWAYS_EMBED_SWIFT_STANDARD_LIBRARIES = YES;
				BUNDLE_LOADER = "$(TEST_HOST)";
				CODE_SIGN_STYLE = Automatic;
				COMBINE_HIDPI_IMAGES = YES;
				INFOPLIST_FILE = SqliteDemoTests/Info.plist;
				LD_RUNPATH_SEARCH_PATHS = (
					"$(inherited)",
					"@executable_path/../Frameworks",
					"@loader_path/../Frameworks",
				);
				MACOSX_DEPLOYMENT_TARGET = 10.15;
				PRODUCT_BUNDLE_IDENTIFIER = com.SqliteDemoTests;
				PRODUCT_NAME = "$(TARGET_NAME)";
				SWIFT_VERSION = 5.0;
				TEST_HOST = "$(BUILT_PRODUCTS_DIR)/SqliteDemo.app/Contents/MacOS/SqliteDemo";
			};
			name = Release;
		};
		AAA7BB6724BD9BA100A58685 /* Debug */ = {
			isa = XCBuildConfiguration;
			buildSettings = {
				ALWAYS_EMBED_SWIFT_STANDARD_LIBRARIES = YES;
				CODE_SIGN_STYLE = Automatic;
				COMBINE_HIDPI_IMAGES = YES;
				INFOPLIST_FILE = SqliteDemoUITests/Info.plist;
				LD_RUNPATH_SEARCH_PATHS = (
					"$(inherited)",
					"@executable_path/../Frameworks",
					"@loader_path/../Frameworks",
				);
				PRODUCT_BUNDLE_IDENTIFIER = com.SqliteDemoUITests;
				PRODUCT_NAME = "$(TARGET_NAME)";
				SWIFT_VERSION = 5.0;
				TEST_TARGET_NAME = SqliteDemo;
			};
			name = Debug;
		};
		AAA7BB6824BD9BA100A58685 /* Release */ = {
			isa = XCBuildConfiguration;
			buildSettings = {
				ALWAYS_EMBED_SWIFT_STANDARD_LIBRARIES = YES;
				CODE_SIGN_STYLE = Automatic;
				COMBINE_HIDPI_IMAGES = YES;
				INFOPLIST_FILE = SqliteDemoUITests/Info.plist;
				LD_RUNPATH_SEARCH_PATHS = (
					"$(inherited)",
					"@executable_path/../Frameworks",
					"@loader_path/../Frameworks",
				);
				PRODUCT_BUNDLE_IDENTIFIER = com.SqliteDemoUITests;
				PRODUCT_NAME = "$(TARGET_NAME)";
				SWIFT_VERSION = 5.0;
				TEST_TARGET_NAME = SqliteDemo;
			};
			name = Release;
		};
/* End XCBuildConfiguration section */

/* Begin XCConfigurationList section */
		AAA7BB3524BD9B9400A58685 /* Build configuration list for PBXProject "SqliteDemo" */ = {
			isa = XCConfigurationList;
			buildConfigurations = (
				AAA7BB5E24BD9BA100A58685 /* Debug */,
				AAA7BB5F24BD9BA100A58685 /* Release */,
			);
			defaultConfigurationIsVisible = 0;
			defaultConfigurationName = Release;
		};
		AAA7BB6024BD9BA100A58685 /* Build configuration list for PBXNativeTarget "SqliteDemo" */ = {
			isa = XCConfigurationList;
			buildConfigurations = (
				AAA7BB6124BD9BA100A58685 /* Debug */,
				AAA7BB6224BD9BA100A58685 /* Release */,
			);
			defaultConfigurationIsVisible = 0;
			defaultConfigurationName = Release;
		};
		AAA7BB6324BD9BA100A58685 /* Build configuration list for PBXNativeTarget "SqliteDemoTests" */ = {
			isa = XCConfigurationList;
			buildConfigurations = (
				AAA7BB6424BD9BA100A58685 /* Debug */,
				AAA7BB6524BD9BA100A58685 /* Release */,
			);
			defaultConfigurationIsVisible = 0;
			defaultConfigurationName = Release;
		};
		AAA7BB6624BD9BA100A58685 /* Build configuration list for PBXNativeTarget "SqliteDemoUITests" */ = {
			isa = XCConfigurationList;
			buildConfigurations = (
				AAA7BB6724BD9BA100A58685 /* Debug */,
				AAA7BB6824BD9BA100A58685 /* Release */,
			);
			defaultConfigurationIsVisible = 0;
			defaultConfigurationName = Release;
		};
/* End XCConfigurationList section */
	};
	rootObject = AAA7BB3224BD9B9400A58685 /* Project object */;
}
